
Microsoft Visual Studio Solution File, Format Version 12.00
# Visual Studio 15
VisualStudioVersion = 15.0.28307.168
MinimumVisualStudioVersion = 10.0.40219.1
Project("{FAE04EC0-301F-11D3-BF4B-00C04F79EFBC}") = "NesEmulator", "NesEmulator\NesEmulator.csproj", "{B4EF5297-AC54-4CAA-B1FB-9B5AD97C0C49}"
EndProject
Project("{FAE04EC0-301F-11D3-BF4B-00C04F79EFBC}") = "NesEmulator.Tests", "NesEmulator.Tests\NesEmulator.Tests.csproj", "{162CF982-8564-4CFD-AE76-128C8EF724C7}"
EndProject
Global
	GlobalSection(SolutionConfigurationPlatforms) = preSolution
		Debug|Any CPU = Debug|Any CPU
		Release|Any CPU = Release|Any CPU
	EndGlobalSection
	GlobalSection(ProjectConfigurationPlatforms) = postSolution
		{B4EF5297-AC54-4CAA-B1FB-9B5AD97C0C49}.Debug|Any CPU.ActiveCfg = Debug|Any CPU
		{B4EF5297-AC54-4CAA-B1FB-9B5AD97C0C49}.Debug|Any CPU.Build.0 = Debug|Any CPU
		{B4EF5297-AC54-4CAA-B1FB-9B5AD97C0C49}.Release|Any CPU.ActiveCfg = Release|Any CPU
		{B4EF5297-AC54-4CAA-B1FB-9B5AD97C0C49}.Release|Any CPU.Build.0 = Release|Any CPU
		{162CF982-8564-4CFD-AE76-128C8EF724C7}.Debug|Any CPU.ActiveCfg = Debug|Any CPU
		{162CF982-8564-4CFD-AE76-128C8EF724C7}.Debug|Any CPU.Build.0 = Debug|Any CPU
		{162CF982-8564-4CFD-AE76-128C8EF724C7}.Release|Any CPU.ActiveCfg = Release|Any CPU
		{162CF982-8564-4CFD-AE76-128C8EF724C7}.Release|Any CPU.Build.0 = Release|Any CPU
	EndGlobalSection
	GlobalSection(SolutionProperties) = preSolution
		HideSolutionNode = FALSE
	EndGlobalSection
	GlobalSection(ExtensibilityGlobals) = postSolution
		SolutionGuid = {BD20B97A-6CA3-4664-9EB8-EAA0BFD3A24A}
	EndGlobalSection
EndGlobal
